// !$*UTF8*$!
{
	archiveVersion = 1;
	classes = {
	};
	objectVersion = 50;
	objects = {

/* Begin PBXBuildFile section */
		840E0252249FC13900D01B32 /* DrinksGroup.swift in Sources */ = {isa = PBXBuildFile; fileRef = 840E0251249FC13900D01B32 /* DrinksGroup.swift */; };
		840E0255249FC30100D01B32 /* NetworkManager.swift in Sources */ = {isa = PBXBuildFile; fileRef = 840E0254249FC30100D01B32 /* NetworkManager.swift */; };
		840E0257249FC3D800D01B32 /* SourceApi.swift in Sources */ = {isa = PBXBuildFile; fileRef = 840E0256249FC3D800D01B32 /* SourceApi.swift */; };
		840E0259249FCAEC00D01B32 /* DrinksPresenter.swift in Sources */ = {isa = PBXBuildFile; fileRef = 840E0258249FCAEC00D01B32 /* DrinksPresenter.swift */; };
		840E025C24A00B6900D01B32 /* DrinksFilterViewController.swift in Sources */ = {isa = PBXBuildFile; fileRef = 840E025B24A00B6900D01B32 /* DrinksFilterViewController.swift */; };
		840E025E24A00C4100D01B32 /* DrinksFilterTableViewCell.swift in Sources */ = {isa = PBXBuildFile; fileRef = 840E025D24A00C4100D01B32 /* DrinksFilterTableViewCell.swift */; };
		840E026024A00C5900D01B32 /* DrinksFilterPresenter.swift in Sources */ = {isa = PBXBuildFile; fileRef = 840E025F24A00C5900D01B32 /* DrinksFilterPresenter.swift */; };
		840E026224A0168600D01B32 /* Drinks.swift in Sources */ = {isa = PBXBuildFile; fileRef = 840E026124A0168600D01B32 /* Drinks.swift */; };
		84247FE4249FB69A0008359F /* AppDelegate.swift in Sources */ = {isa = PBXBuildFile; fileRef = 84247FE3249FB69A0008359F /* AppDelegate.swift */; };
		84247FE6249FB69A0008359F /* SceneDelegate.swift in Sources */ = {isa = PBXBuildFile; fileRef = 84247FE5249FB69A0008359F /* SceneDelegate.swift */; };
		84247FEB249FB69A0008359F /* Main.storyboard in Resources */ = {isa = PBXBuildFile; fileRef = 84247FE9249FB69A0008359F /* Main.storyboard */; };
		84247FED249FB69F0008359F /* Assets.xcassets in Resources */ = {isa = PBXBuildFile; fileRef = 84247FEC249FB69F0008359F /* Assets.xcassets */; };
		84247FF0249FB69F0008359F /* LaunchScreen.storyboard in Resources */ = {isa = PBXBuildFile; fileRef = 84247FEE249FB69F0008359F /* LaunchScreen.storyboard */; };
		84247FF8249FB7B80008359F /* DrinksViewController.swift in Sources */ = {isa = PBXBuildFile; fileRef = 84247FF7249FB7B80008359F /* DrinksViewController.swift */; };
		84247FFB249FBE750008359F /* DrinksTableViewCell.swift in Sources */ = {isa = PBXBuildFile; fileRef = 84247FFA249FBE750008359F /* DrinksTableViewCell.swift */; };
		8451D03924A0254700CA4C1C /* UIImageFromURL.swift in Sources */ = {isa = PBXBuildFile; fileRef = 8451D03824A0254700CA4C1C /* UIImageFromURL.swift */; };
		8494C1CD24A0A847008619C5 /* UINavController + Shadow.swift in Sources */ = {isa = PBXBuildFile; fileRef = 8494C1CC24A0A847008619C5 /* UINavController + Shadow.swift */; };
		84FF9D4424A07F32008868FE /* UITableView + HideSeparator.swift in Sources */ = {isa = PBXBuildFile; fileRef = 84FF9D4324A07F32008868FE /* UITableView + HideSeparator.swift */; };
/* End PBXBuildFile section */

/* Begin PBXFileReference section */
		840E0251249FC13900D01B32 /* DrinksGroup.swift */ = {isa = PBXFileReference; lastKnownFileType = sourcecode.swift; path = DrinksGroup.swift; sourceTree = "<group>"; };
		840E0254249FC30100D01B32 /* NetworkManager.swift */ = {isa = PBXFileReference; lastKnownFileType = sourcecode.swift; path = NetworkManager.swift; sourceTree = "<group>"; };
		840E0256249FC3D800D01B32 /* SourceApi.swift */ = {isa = PBXFileReference; lastKnownFileType = sourcecode.swift; path = SourceApi.swift; sourceTree = "<group>"; };
		840E0258249FCAEC00D01B32 /* DrinksPresenter.swift */ = {isa = PBXFileReference; lastKnownFileType = sourcecode.swift; path = DrinksPresenter.swift; sourceTree = "<group>"; };
		840E025B24A00B6900D01B32 /* DrinksFilterViewController.swift */ = {isa = PBXFileReference; lastKnownFileType = sourcecode.swift; path = DrinksFilterViewController.swift; sourceTree = "<group>"; };
		840E025D24A00C4100D01B32 /* DrinksFilterTableViewCell.swift */ = {isa = PBXFileReference; lastKnownFileType = sourcecode.swift; path = DrinksFilterTableViewCell.swift; sourceTree = "<group>"; };
		840E025F24A00C5900D01B32 /* DrinksFilterPresenter.swift */ = {isa = PBXFileReference; lastKnownFileType = sourcecode.swift; path = DrinksFilterPresenter.swift; sourceTree = "<group>"; };
		840E026124A0168600D01B32 /* Drinks.swift */ = {isa = PBXFileReference; lastKnownFileType = sourcecode.swift; path = Drinks.swift; sourceTree = "<group>"; };
		84247FE0249FB69A0008359F /* Cocktail DB.app */ = {isa = PBXFileReference; explicitFileType = wrapper.application; includeInIndex = 0; path = "Cocktail DB.app"; sourceTree = BUILT_PRODUCTS_DIR; };
		84247FE3249FB69A0008359F /* AppDelegate.swift */ = {isa = PBXFileReference; lastKnownFileType = sourcecode.swift; path = AppDelegate.swift; sourceTree = "<group>"; };
		84247FE5249FB69A0008359F /* SceneDelegate.swift */ = {isa = PBXFileReference; lastKnownFileType = sourcecode.swift; path = SceneDelegate.swift; sourceTree = "<group>"; };
		84247FEA249FB69A0008359F /* Base */ = {isa = PBXFileReference; lastKnownFileType = file.storyboard; name = Base; path = Base.lproj/Main.storyboard; sourceTree = "<group>"; };
		84247FEC249FB69F0008359F /* Assets.xcassets */ = {isa = PBXFileReference; lastKnownFileType = folder.assetcatalog; path = Assets.xcassets; sourceTree = "<group>"; };
		84247FEF249FB69F0008359F /* Base */ = {isa = PBXFileReference; lastKnownFileType = file.storyboard; name = Base; path = Base.lproj/LaunchScreen.storyboard; sourceTree = "<group>"; };
		84247FF1249FB69F0008359F /* Info.plist */ = {isa = PBXFileReference; lastKnownFileType = text.plist.xml; path = Info.plist; sourceTree = "<group>"; };
		84247FF7249FB7B80008359F /* DrinksViewController.swift */ = {isa = PBXFileReference; lastKnownFileType = sourcecode.swift; path = DrinksViewController.swift; sourceTree = "<group>"; };
		84247FFA249FBE750008359F /* DrinksTableViewCell.swift */ = {isa = PBXFileReference; lastKnownFileType = sourcecode.swift; path = DrinksTableViewCell.swift; sourceTree = "<group>"; };
		8451D03824A0254700CA4C1C /* UIImageFromURL.swift */ = {isa = PBXFileReference; lastKnownFileType = sourcecode.swift; path = UIImageFromURL.swift; sourceTree = "<group>"; };
		8494C1CC24A0A847008619C5 /* UINavController + Shadow.swift */ = {isa = PBXFileReference; lastKnownFileType = sourcecode.swift; path = "UINavController + Shadow.swift"; sourceTree = "<group>"; };
		84FF9D4324A07F32008868FE /* UITableView + HideSeparator.swift */ = {isa = PBXFileReference; lastKnownFileType = sourcecode.swift; path = "UITableView + HideSeparator.swift"; sourceTree = "<group>"; };
/* End PBXFileReference section */

/* Begin PBXFrameworksBuildPhase section */
		84247FDD249FB69A0008359F /* Frameworks */ = {
			isa = PBXFrameworksBuildPhase;
			buildActionMask = 2147483647;
			files = (
			);
			runOnlyForDeploymentPostprocessing = 0;
		};
/* End PBXFrameworksBuildPhase section */

/* Begin PBXGroup section */
		840E0250249FC10500D01B32 /* Model */ = {
			isa = PBXGroup;
			children = (
				840E0251249FC13900D01B32 /* DrinksGroup.swift */,
				840E026124A0168600D01B32 /* Drinks.swift */,
			);
			path = Model;
			sourceTree = "<group>";
		};
		840E0253249FC2DB00D01B32 /* NetworkManager */ = {
			isa = PBXGroup;
			children = (
				840E0254249FC30100D01B32 /* NetworkManager.swift */,
				840E0256249FC3D800D01B32 /* SourceApi.swift */,
			);
			path = NetworkManager;
			sourceTree = "<group>";
		};
		840E025A24A00B4F00D01B32 /* DrinksFilter */ = {
			isa = PBXGroup;
			children = (
				840E025B24A00B6900D01B32 /* DrinksFilterViewController.swift */,
				840E025F24A00C5900D01B32 /* DrinksFilterPresenter.swift */,
				840E025D24A00C4100D01B32 /* DrinksFilterTableViewCell.swift */,
			);
			path = DrinksFilter;
			sourceTree = "<group>";
		};
		84247FD7249FB69A0008359F = {
			isa = PBXGroup;
			children = (
				84247FE2249FB69A0008359F /* Cocktail DB */,
				84247FE1249FB69A0008359F /* Products */,
			);
			sourceTree = "<group>";
		};
		84247FE1249FB69A0008359F /* Products */ = {
			isa = PBXGroup;
			children = (
				84247FE0249FB69A0008359F /* Cocktail DB.app */,
			);
			name = Products;
			sourceTree = "<group>";
		};
		84247FE2249FB69A0008359F /* Cocktail DB */ = {
			isa = PBXGroup;
			children = (
				84247FF9249FBB7C0008359F /* AppDelegates */,
				840E0250249FC10500D01B32 /* Model */,
				8451D03724A0252E00CA4C1C /* Extensions */,
				840E0253249FC2DB00D01B32 /* NetworkManager */,
				84247FFD249FBF200008359F /* Module */,
				84247FE9249FB69A0008359F /* Main.storyboard */,
				84247FEC249FB69F0008359F /* Assets.xcassets */,
				84247FEE249FB69F0008359F /* LaunchScreen.storyboard */,
				84247FF1249FB69F0008359F /* Info.plist */,
			);
			path = "Cocktail DB";
			sourceTree = "<group>";
		};
		84247FF9249FBB7C0008359F /* AppDelegates */ = {
			isa = PBXGroup;
			children = (
				84247FE3249FB69A0008359F /* AppDelegate.swift */,
				84247FE5249FB69A0008359F /* SceneDelegate.swift */,
			);
			path = AppDelegates;
			sourceTree = "<group>";
		};
		84247FFC249FBF090008359F /* Drinks */ = {
			isa = PBXGroup;
			children = (
				84247FF7249FB7B80008359F /* DrinksViewController.swift */,
				840E0258249FCAEC00D01B32 /* DrinksPresenter.swift */,
				84247FFA249FBE750008359F /* DrinksTableViewCell.swift */,
			);
			path = Drinks;
			sourceTree = "<group>";
		};
		84247FFD249FBF200008359F /* Module */ = {
			isa = PBXGroup;
			children = (
				84247FFC249FBF090008359F /* Drinks */,
				840E025A24A00B4F00D01B32 /* DrinksFilter */,
			);
			path = Module;
			sourceTree = "<group>";
		};
		8451D03724A0252E00CA4C1C /* Extensions */ = {
			isa = PBXGroup;
			children = (
				8451D03824A0254700CA4C1C /* UIImageFromURL.swift */,
				84FF9D4324A07F32008868FE /* UITableView + HideSeparator.swift */,
				8494C1CC24A0A847008619C5 /* UINavController + Shadow.swift */,
			);
			path = Extensions;
			sourceTree = "<group>";
		};
/* End PBXGroup section */

/* Begin PBXNativeTarget section */
		84247FDF249FB69A0008359F /* Cocktail DB */ = {
			isa = PBXNativeTarget;
			buildConfigurationList = 84247FF4249FB69F0008359F /* Build configuration list for PBXNativeTarget "Cocktail DB" */;
			buildPhases = (
				84247FDC249FB69A0008359F /* Sources */,
				84247FDD249FB69A0008359F /* Frameworks */,
				84247FDE249FB69A0008359F /* Resources */,
			);
			buildRules = (
			);
			dependencies = (
			);
			name = "Cocktail DB";
			productName = "Cocktail DB";
			productReference = 84247FE0249FB69A0008359F /* Cocktail DB.app */;
			productType = "com.apple.product-type.application";
		};
/* End PBXNativeTarget section */

/* Begin PBXProject section */
		84247FD8249FB69A0008359F /* Project object */ = {
			isa = PBXProject;
			attributes = {
				LastSwiftUpdateCheck = 1150;
				LastUpgradeCheck = 1150;
				ORGANIZATIONNAME = "Olha Bereziuk";
				TargetAttributes = {
					84247FDF249FB69A0008359F = {
						CreatedOnToolsVersion = 11.5;
					};
				};
			};
			buildConfigurationList = 84247FDB249FB69A0008359F /* Build configuration list for PBXProject "Cocktail DB" */;
			compatibilityVersion = "Xcode 9.3";
			developmentRegion = en;
			hasScannedForEncodings = 0;
			knownRegions = (
				en,
				Base,
			);
			mainGroup = 84247FD7249FB69A0008359F;
			productRefGroup = 84247FE1249FB69A0008359F /* Products */;
			projectDirPath = "";
			projectRoot = "";
			targets = (
				84247FDF249FB69A0008359F /* Cocktail DB */,
			);
		};
/* End PBXProject section */

/* Begin PBXResourcesBuildPhase section */
		84247FDE249FB69A0008359F /* Resources */ = {
			isa = PBXResourcesBuildPhase;
			buildActionMask = 2147483647;
			files = (
				84247FF0249FB69F0008359F /* LaunchScreen.storyboard in Resources */,
				84247FED249FB69F0008359F /* Assets.xcassets in Resources */,
				84247FEB249FB69A0008359F /* Main.storyboard in Resources */,
			);
			runOnlyForDeploymentPostprocessing = 0;
		};
/* End PBXResourcesBuildPhase section */

/* Begin PBXSourcesBuildPhase section */
		84247FDC249FB69A0008359F /* Sources */ = {
			isa = PBXSourcesBuildPhase;
			buildActionMask = 2147483647;
			files = (
				8494C1CD24A0A847008619C5 /* UINavController + Shadow.swift in Sources */,
				840E0259249FCAEC00D01B32 /* DrinksPresenter.swift in Sources */,
				840E0257249FC3D800D01B32 /* SourceApi.swift in Sources */,
				840E0255249FC30100D01B32 /* NetworkManager.swift in Sources */,
				84FF9D4424A07F32008868FE /* UITableView + HideSeparator.swift in Sources */,
				840E025C24A00B6900D01B32 /* DrinksFilterViewController.swift in Sources */,
				84247FE4249FB69A0008359F /* AppDelegate.swift in Sources */,
				84247FE6249FB69A0008359F /* SceneDelegate.swift in Sources */,
				840E026224A0168600D01B32 /* Drinks.swift in Sources */,
				84247FF8249FB7B80008359F /* DrinksViewController.swift in Sources */,
				84247FFB249FBE750008359F /* DrinksTableViewCell.swift in Sources */,
				840E026024A00C5900D01B32 /* DrinksFilterPresenter.swift in Sources */,
				840E0252249FC13900D01B32 /* DrinksGroup.swift in Sources */,
				8451D03924A0254700CA4C1C /* UIImageFromURL.swift in Sources */,
				840E025E24A00C4100D01B32 /* DrinksFilterTableViewCell.swift in Sources */,
			);
			runOnlyForDeploymentPostprocessing = 0;
		};
/* End PBXSourcesBuildPhase section */

/* Begin PBXVariantGroup section */
		84247FE9249FB69A0008359F /* Main.storyboard */ = {
			isa = PBXVariantGroup;
			children = (
				84247FEA249FB69A0008359F /* Base */,
			);
			name = Main.storyboard;
			sourceTree = "<group>";
		};
		84247FEE249FB69F0008359F /* LaunchScreen.storyboard */ = {
			isa = PBXVariantGroup;
			children = (
				84247FEF249FB69F0008359F /* Base */,
			);
			name = LaunchScreen.storyboard;
			sourceTree = "<group>";
		};
/* End PBXVariantGroup section */

/* Begin XCBuildConfiguration section */
		84247FF2249FB69F0008359F /* Debug */ = {
			isa = XCBuildConfiguration;
			buildSettings = {
				ALWAYS_SEARCH_USER_PATHS = NO;
				CLANG_ANALYZER_NONNULL = YES;
				CLANG_ANALYZER_NUMBER_OBJECT_CONVERSION = YES_AGGRESSIVE;
				CLANG_CXX_LANGUAGE_STANDARD = "gnu++14";
				CLANG_CXX_LIBRARY = "libc++";
				CLANG_ENABLE_MODULES = YES;
				CLANG_ENABLE_OBJC_ARC = YES;
				CLANG_ENABLE_OBJC_WEAK = YES;
				CLANG_WARN_BLOCK_CAPTURE_AUTORELEASING = YES;
				CLANG_WARN_BOOL_CONVERSION = YES;
				CLANG_WARN_COMMA = YES;
				CLANG_WARN_CONSTANT_CONVERSION = YES;
				CLANG_WARN_DEPRECATED_OBJC_IMPLEMENTATIONS = YES;
				CLANG_WARN_DIRECT_OBJC_ISA_USAGE = YES_ERROR;
				CLANG_WARN_DOCUMENTATION_COMMENTS = YES;
				CLANG_WARN_EMPTY_BODY = YES;
				CLANG_WARN_ENUM_CONVERSION = YES;
				CLANG_WARN_INFINITE_RECURSION = YES;
				CLANG_WARN_INT_CONVERSION = YES;
				CLANG_WARN_NON_LITERAL_NULL_CONVERSION = YES;
				CLANG_WARN_OBJC_IMPLICIT_RETAIN_SELF = YES;
				CLANG_WARN_OBJC_LITERAL_CONVERSION = YES;
				CLANG_WARN_OBJC_ROOT_CLASS = YES_ERROR;
				CLANG_WARN_RANGE_LOOP_ANALYSIS = YES;
				CLANG_WARN_STRICT_PROTOTYPES = YES;
				CLANG_WARN_SUSPICIOUS_MOVE = YES;
				CLANG_WARN_UNGUARDED_AVAILABILITY = YES_AGGRESSIVE;
				CLANG_WARN_UNREACHABLE_CODE = YES;
				CLANG_WARN__DUPLICATE_METHOD_MATCH = YES;
				COPY_PHASE_STRIP = NO;
				DEBUG_INFORMATION_FORMAT = dwarf;
				ENABLE_STRICT_OBJC_MSGSEND = YES;
				ENABLE_TESTABILITY = YES;
				GCC_C_LANGUAGE_STANDARD = gnu11;
				GCC_DYNAMIC_NO_PIC = NO;
				GCC_NO_COMMON_BLOCKS = YES;
				GCC_OPTIMIZATION_LEVEL = 0;
				GCC_PREPROCESSOR_DEFINITIONS = (
					"DEBUG=1",
					"$(inherited)",
				);
				GCC_WARN_64_TO_32_BIT_CONVERSION = YES;
				GCC_WARN_ABOUT_RETURN_TYPE = YES_ERROR;
				GCC_WARN_UNDECLARED_SELECTOR = YES;
				GCC_WARN_UNINITIALIZED_AUTOS = YES_AGGRESSIVE;
				GCC_WARN_UNUSED_FUNCTION = YES;
				GCC_WARN_UNUSED_VARIABLE = YES;
				IPHONEOS_DEPLOYMENT_TARGET = 13.5;
				MTL_ENABLE_DEBUG_INFO = INCLUDE_SOURCE;
				MTL_FAST_MATH = YES;
				ONLY_ACTIVE_ARCH = YES;
				SDKROOT = iphoneos;
				SWIFT_ACTIVE_COMPILATION_CONDITIONS = DEBUG;
				SWIFT_OPTIMIZATION_LEVEL = "-Onone";
			};
			name = Debug;
		};
		84247FF3249FB69F0008359F /* Release */ = {
			isa = XCBuildConfiguration;
			buildSettings = {
				ALWAYS_SEARCH_USER_PATHS = NO;
				CLANG_ANALYZER_NONNULL = YES;
				CLANG_ANALYZER_NUMBER_OBJECT_CONVERSION = YES_AGGRESSIVE;
				CLANG_CXX_LANGUAGE_STANDARD = "gnu++14";
				CLANG_CXX_LIBRARY = "libc++";
				CLANG_ENABLE_MODULES = YES;
				CLANG_ENABLE_OBJC_ARC = YES;
				CLANG_ENABLE_OBJC_WEAK = YES;
				CLANG_WARN_BLOCK_CAPTURE_AUTORELEASING = YES;
				CLANG_WARN_BOOL_CONVERSION = YES;
				CLANG_WARN_COMMA = YES;
				CLANG_WARN_CONSTANT_CONVERSION = YES;
				CLANG_WARN_DEPRECATED_OBJC_IMPLEMENTATIONS = YES;
				CLANG_WARN_DIRECT_OBJC_ISA_USAGE = YES_ERROR;
				CLANG_WARN_DOCUMENTATION_COMMENTS = YES;
				CLANG_WARN_EMPTY_BODY = YES;
				CLANG_WARN_ENUM_CONVERSION = YES;
				CLANG_WARN_INFINITE_RECURSION = YES;
				CLANG_WARN_INT_CONVERSION = YES;
				CLANG_WARN_NON_LITERAL_NULL_CONVERSION = YES;
				CLANG_WARN_OBJC_IMPLICIT_RETAIN_SELF = YES;
				CLANG_WARN_OBJC_LITERAL_CONVERSION = YES;
				CLANG_WARN_OBJC_ROOT_CLASS = YES_ERROR;
				CLANG_WARN_RANGE_LOOP_ANALYSIS = YES;
				CLANG_WARN_STRICT_PROTOTYPES = YES;
				CLANG_WARN_SUSPICIOUS_MOVE = YES;
				CLANG_WARN_UNGUARDED_AVAILABILITY = YES_AGGRESSIVE;
				CLANG_WARN_UNREACHABLE_CODE = YES;
				CLANG_WARN__DUPLICATE_METHOD_MATCH = YES;
				COPY_PHASE_STRIP = NO;
				DEBUG_INFORMATION_FORMAT = "dwarf-with-dsym";
				ENABLE_NS_ASSERTIONS = NO;
				ENABLE_STRICT_OBJC_MSGSEND = YES;
				GCC_C_LANGUAGE_STANDARD = gnu11;
				GCC_NO_COMMON_BLOCKS = YES;
				GCC_WARN_64_TO_32_BIT_CONVERSION = YES;
				GCC_WARN_ABOUT_RETURN_TYPE = YES_ERROR;
				GCC_WARN_UNDECLARED_SELECTOR = YES;
				GCC_WARN_UNINITIALIZED_AUTOS = YES_AGGRESSIVE;
				GCC_WARN_UNUSED_FUNCTION = YES;
				GCC_WARN_UNUSED_VARIABLE = YES;
				IPHONEOS_DEPLOYMENT_TARGET = 13.5;
				MTL_ENABLE_DEBUG_INFO = NO;
				MTL_FAST_MATH = YES;
				SDKROOT = iphoneos;
				SWIFT_COMPILATION_MODE = wholemodule;
				SWIFT_OPTIMIZATION_LEVEL = "-O";
				VALIDATE_PRODUCT = YES;
			};
			name = Release;
		};
		84247FF5249FB69F0008359F /* Debug */ = {
			isa = XCBuildConfiguration;
			buildSettings = {
				ASSETCATALOG_COMPILER_APPICON_NAME = AppIcon;
				CODE_SIGN_STYLE = Automatic;
				DEVELOPMENT_TEAM = 6YJ62Z4KFL;
				INFOPLIST_FILE = "Cocktail DB/Info.plist";
				LD_RUNPATH_SEARCH_PATHS = (
					"$(inherited)",
					"@executable_path/Frameworks",
				);
				PRODUCT_BUNDLE_IDENTIFIER = "Olha-Bereziuk.Cocktail-DB";
				PRODUCT_NAME = "$(TARGET_NAME)";
				SWIFT_VERSION = 5.0;
				TARGETED_DEVICE_FAMILY = "1,2";
			};
			name = Debug;
		};
		84247FF6249FB69F0008359F /* Release */ = {
			isa = XCBuildConfiguration;
			buildSettings = {
				ASSETCATALOG_COMPILER_APPICON_NAME = AppIcon;
				CODE_SIGN_STYLE = Automatic;
				DEVELOPMENT_TEAM = 6YJ62Z4KFL;
				INFOPLIST_FILE = "Cocktail DB/Info.plist";
				LD_RUNPATH_SEARCH_PATHS = (
					"$(inherited)",
					"@executable_path/Frameworks",
				);
				PRODUCT_BUNDLE_IDENTIFIER = "Olha-Bereziuk.Cocktail-DB";
				PRODUCT_NAME = "$(TARGET_NAME)";
				SWIFT_VERSION = 5.0;
				TARGETED_DEVICE_FAMILY = "1,2";
			};
			name = Release;
		};
/* End XCBuildConfiguration section */

/* Begin XCConfigurationList section */
		84247FDB249FB69A0008359F /* Build configuration list for PBXProject "Cocktail DB" */ = {
			isa = XCConfigurationList;
			buildConfigurations = (
				84247FF2249FB69F0008359F /* Debug */,
				84247FF3249FB69F0008359F /* Release */,
			);
			defaultConfigurationIsVisible = 0;
			defaultConfigurationName = Release;
		};
		84247FF4249FB69F0008359F /* Build configuration list for PBXNativeTarget "Cocktail DB" */ = {
			isa = XCConfigurationList;
			buildConfigurations = (
				84247FF5249FB69F0008359F /* Debug */,
				84247FF6249FB69F0008359F /* Release */,
			);
			defaultConfigurationIsVisible = 0;
			defaultConfigurationName = Release;
		};
/* End XCConfigurationList section */
	};
	rootObject = 84247FD8249FB69A0008359F /* Project object */;
}
